
Microsoft Visual Studio Solution File, Format Version 12.00
# Visual Studio Version 17
VisualStudioVersion = 17.3.32922.545
MinimumVisualStudioVersion = 10.0.40219.1
Project("{FAE04EC0-301F-11D3-BF4B-00C04F79EFBC}") = "DevOpsDemo", "DevOpsDemo\DevOpsDemo.csproj", "{C672EACA-D7CE-4D76-B402-07CA019AD357}"
EndProject
Project("{FAE04EC0-301F-11D3-BF4B-00C04F79EFBC}") = "DevOpsDemo.Test", "DevOpsDemo.Test\DevOpsDemo.Test.csproj", "{5D30E5A6-76A6-4388-BB80-85C294506046}"
EndProject
Global
	GlobalSection(SolutionConfigurationPlatforms) = preSolution
		Debug|Any CPU = Debug|Any CPU
		Release|Any CPU = Release|Any CPU
	EndGlobalSection
	GlobalSection(ProjectConfigurationPlatforms) = postSolution
		{C672EACA-D7CE-4D76-B402-07CA019AD357}.Debug|Any CPU.ActiveCfg = Debug|Any CPU
		{C672EACA-D7CE-4D76-B402-07CA019AD357}.Debug|Any CPU.Build.0 = Debug|Any CPU
		{C672EACA-D7CE-4D76-B402-07CA019AD357}.Release|Any CPU.ActiveCfg = Release|Any CPU
		{C672EACA-D7CE-4D76-B402-07CA019AD357}.Release|Any CPU.Build.0 = Release|Any CPU
		{5D30E5A6-76A6-4388-BB80-85C294506046}.Debug|Any CPU.ActiveCfg = Debug|Any CPU
		{5D30E5A6-76A6-4388-BB80-85C294506046}.Debug|Any CPU.Build.0 = Debug|Any CPU
		{5D30E5A6-76A6-4388-BB80-85C294506046}.Release|Any CPU.ActiveCfg = Release|Any CPU
		{5D30E5A6-76A6-4388-BB80-85C294506046}.Release|Any CPU.Build.0 = Release|Any CPU
	EndGlobalSection
	GlobalSection(SolutionProperties) = preSolution
		HideSolutionNode = FALSE
	EndGlobalSection
	GlobalSection(ExtensibilityGlobals) = postSolution
		SolutionGuid = {3768EFC1-8A9E-4711-B073-9D4C4E4D54E3}
	EndGlobalSection
EndGlobal
